# This file is autogenerated, do not edit; changes may be undone by the next 'dep ensure'.


[[projects]]
  digest = "1:2f8f9b60ebe029a83f92a7549926145eb6014c01d256946058a5a8768efd4522"
  name = "github.com/sirupsen/logrus"
  packages = ["."]
  pruneopts = ""
  revision = "6699a89a232f3db797f2e280639854bbc4b89725"
  version = "v1.7.0"

[[projects]]
  digest = "1:cd6cc5fd9292f991aff941df146e952f11630748cba7283a55bc401637eb7661"
  name = "github.com/streadway/amqp"
  packages = ["."]
  pruneopts = ""
  revision = "1c71cc93ed716f9a6f4c2ae8955c25f9176d9f19"
  version = "v1.0.0"

[[projects]]
  branch = "master"
  digest = "1:594d603597b627bbff78db79cddc8eb83c88282974f5e79aed816c118d0ae062"
  name = "golang.org/x/sys"
  packages = [
    "internal/unsafeheader",
    "unix",
    "windows",
  ]
  pruneopts = ""
  revision = "eeed37f84f13f52d35e095e8023ba65671ff86a1"

[solve-meta]
  analyzer-name = "dep"
  analyzer-version = 1
  input-imports = [
    "github.com/sirupsen/logrus",
    "github.com/streadway/amqp",
  ]
  solver-name = "gps-cdcl"
  solver-version = 1
